// !$*UTF8*$!
{
	archiveVersion = 1;
	classes = {
	};
	objectVersion = 50;
	objects = {

/* Begin PBXBuildFile section */
		50173CBF2150842A00760A41 /* noelan script.otf in Resources */ = {isa = PBXBuildFile; fileRef = 50173CBE2150842A00760A41 /* noelan script.otf */; };
		50173CC12155C0EC00760A41 /* ChooseViewController.swift in Sources */ = {isa = PBXBuildFile; fileRef = 50173CC02155C0EC00760A41 /* ChooseViewController.swift */; };
		50173CC32155D60400760A41 /* topicViewController.swift in Sources */ = {isa = PBXBuildFile; fileRef = 50173CC22155D60400760A41 /* topicViewController.swift */; };
		50173CCC215AA21100760A41 /* topicTableViewCell.swift in Sources */ = {isa = PBXBuildFile; fileRef = 50173CCB215AA21100760A41 /* topicTableViewCell.swift */; };
		50173CCE215AA77B00760A41 /* ManViewController.swift in Sources */ = {isa = PBXBuildFile; fileRef = 50173CCD215AA77B00760A41 /* ManViewController.swift */; };
		50173D1421665E3B00760A41 /* AllQuotes.txt in Resources */ = {isa = PBXBuildFile; fileRef = 50173D1321665E3B00760A41 /* AllQuotes.txt */; };
		50173D3A216936EE00760A41 /* AboutViewController.swift in Sources */ = {isa = PBXBuildFile; fileRef = 50173D39216936EE00760A41 /* AboutViewController.swift */; };
		50173D3C21693AFD00760A41 /* welcomeTableViewCell.swift in Sources */ = {isa = PBXBuildFile; fileRef = 50173D3B21693AFD00760A41 /* welcomeTableViewCell.swift */; };
		50173D402171952100760A41 /* MellowLine-Regular.OTF in Resources */ = {isa = PBXBuildFile; fileRef = 50173D3F2171942400760A41 /* MellowLine-Regular.OTF */; };
		50173D44217195F100760A41 /* Marhaban-Regular.otf in Resources */ = {isa = PBXBuildFile; fileRef = 50173D43217195F000760A41 /* Marhaban-Regular.otf */; };
		50173D4B217572C900760A41 /* city.jpg in Resources */ = {isa = PBXBuildFile; fileRef = 50173D4A217572C900760A41 /* city.jpg */; };
		50173D4D21757AB400760A41 /* fallforest.jpg in Resources */ = {isa = PBXBuildFile; fileRef = 50173D4C21757AB400760A41 /* fallforest.jpg */; };
		50173D4F2176A16500760A41 /* PickTopicTableViewCell.swift in Sources */ = {isa = PBXBuildFile; fileRef = 50173D4E2176A16500760A41 /* PickTopicTableViewCell.swift */; };
		50173D692176A3B100760A41 /* cityfull.jpg in Resources */ = {isa = PBXBuildFile; fileRef = 50173D682176A3B100760A41 /* cityfull.jpg */; };
		50173D6B2176A93600760A41 /* coffeebible.JPG in Resources */ = {isa = PBXBuildFile; fileRef = 50173D6A2176A93600760A41 /* coffeebible.JPG */; };
		50173D6D2176A94800760A41 /* biblecoffeecut.jpeg in Resources */ = {isa = PBXBuildFile; fileRef = 50173D6C2176A94800760A41 /* biblecoffeecut.jpeg */; };
		50173D6F2176A95000760A41 /* pew.jpg in Resources */ = {isa = PBXBuildFile; fileRef = 50173D6E2176A95000760A41 /* pew.jpg */; };
		50173D712176A95700760A41 /* pewcut.jpeg in Resources */ = {isa = PBXBuildFile; fileRef = 50173D702176A95700760A41 /* pewcut.jpeg */; };
		50173D732176B21D00760A41 /* bibletopic.JPG in Resources */ = {isa = PBXBuildFile; fileRef = 50173D722176B21D00760A41 /* bibletopic.JPG */; };
		50173D752176B22400760A41 /* calvinhead.jpg in Resources */ = {isa = PBXBuildFile; fileRef = 50173D742176B22400760A41 /* calvinhead.jpg */; };
		50173D772176B26F00760A41 /* bibletopiccut.jpeg in Resources */ = {isa = PBXBuildFile; fileRef = 50173D762176B26F00760A41 /* bibletopiccut.jpeg */; };
		50173D792178DEA900760A41 /* GeneralTopicsTableViewCell.swift in Sources */ = {isa = PBXBuildFile; fileRef = 50173D782178DEA900760A41 /* GeneralTopicsTableViewCell.swift */; };
		50173D7B2178DEF500760A41 /* GeneralTopicViewController.swift in Sources */ = {isa = PBXBuildFile; fileRef = 50173D7A2178DEF500760A41 /* GeneralTopicViewController.swift */; };
		502B3082213EFB10006592B2 /* AppDelegate.swift in Sources */ = {isa = PBXBuildFile; fileRef = 502B3081213EFB10006592B2 /* AppDelegate.swift */; };
		502B3084213EFB10006592B2 /* welcomeViewController.swift in Sources */ = {isa = PBXBuildFile; fileRef = 502B3083213EFB10006592B2 /* welcomeViewController.swift */; };
		502B3089213EFB11006592B2 /* Assets.xcassets in Resources */ = {isa = PBXBuildFile; fileRef = 502B3088213EFB11006592B2 /* Assets.xcassets */; };
		502B308C213EFB11006592B2 /* LaunchScreen.storyboard in Resources */ = {isa = PBXBuildFile; fileRef = 502B308A213EFB11006592B2 /* LaunchScreen.storyboard */; };
		502B3097213EFB11006592B2 /* DTATestTests.swift in Sources */ = {isa = PBXBuildFile; fileRef = 502B3096213EFB11006592B2 /* DTATestTests.swift */; };
		502B30A2213EFB11006592B2 /* DTATestUITests.swift in Sources */ = {isa = PBXBuildFile; fileRef = 502B30A1213EFB11006592B2 /* DTATestUITests.swift */; };
		502B30B0213EFBA0006592B2 /* backgroundLoad.swift in Sources */ = {isa = PBXBuildFile; fileRef = 502B30AF213EFB9F006592B2 /* backgroundLoad.swift */; };
		502B30B2213EFBE1006592B2 /* background.jpg in Resources */ = {isa = PBXBuildFile; fileRef = 502B30B1213EFBE0006592B2 /* background.jpg */; };
		502B30B4213EFC7C006592B2 /* nameViewController.swift in Sources */ = {isa = PBXBuildFile; fileRef = 502B30B3213EFC7C006592B2 /* nameViewController.swift */; };
		502B30B6213EFC85006592B2 /* quoteViewController.swift in Sources */ = {isa = PBXBuildFile; fileRef = 502B30B5213EFC85006592B2 /* quoteViewController.swift */; };
		502B30B8213EFC8D006592B2 /* nameTableViewCell.swift in Sources */ = {isa = PBXBuildFile; fileRef = 502B30B7213EFC8D006592B2 /* nameTableViewCell.swift */; };
		502B30BA213EFCAE006592B2 /* dailyTheoObject.swift in Sources */ = {isa = PBXBuildFile; fileRef = 502B30B9213EFCAE006592B2 /* dailyTheoObject.swift */; };
		502B30BE213F0089006592B2 /* Main.storyboard in Resources */ = {isa = PBXBuildFile; fileRef = 502B30BD213F0089006592B2 /* Main.storyboard */; };
		502B30DD2148985B006592B2 /* quoteTableViewCell.swift in Sources */ = {isa = PBXBuildFile; fileRef = 502B30DC2148985B006592B2 /* quoteTableViewCell.swift */; };
		502B30DF214AC138006592B2 /* starbackground.jpg in Resources */ = {isa = PBXBuildFile; fileRef = 502B30DE214AC138006592B2 /* starbackground.jpg */; };
		507BABF2217A00E60052415E /* cross.JPG in Resources */ = {isa = PBXBuildFile; fileRef = 507BABF1217A00E60052415E /* cross.JPG */; };
		507BABF4217A00F20052415E /* worship.JPG in Resources */ = {isa = PBXBuildFile; fileRef = 507BABF3217A00F10052415E /* worship.JPG */; };
		507BABF6217A00FD0052415E /* handsup.JPG in Resources */ = {isa = PBXBuildFile; fileRef = 507BABF5217A00FC0052415E /* handsup.JPG */; };
		507BABF8217A04ED0052415E /* GodViewController.swift in Sources */ = {isa = PBXBuildFile; fileRef = 507BABF7217A04ED0052415E /* GodViewController.swift */; };
		507BABFA217A050A0052415E /* CommunityViewController.swift in Sources */ = {isa = PBXBuildFile; fileRef = 507BABF9217A050A0052415E /* CommunityViewController.swift */; };
		507BABFC217BF05E0052415E /* handsupcut.jpeg in Resources */ = {isa = PBXBuildFile; fileRef = 507BABFB217BF05E0052415E /* handsupcut.jpeg */; };
		507BABFE217BF8180052415E /* worshipcut.jpeg in Resources */ = {isa = PBXBuildFile; fileRef = 507BABFD217BF8170052415E /* worshipcut.jpeg */; };
		507BAC00217C07A60052415E /* crosscut.jpeg in Resources */ = {isa = PBXBuildFile; fileRef = 507BABFF217C07A60052415E /* crosscut.jpeg */; };
		50A180B721923247000F0926 /* calvinhead2.png in Resources */ = {isa = PBXBuildFile; fileRef = 50A180B621923247000F0926 /* calvinhead2.png */; };
		50A180B921A36359000F0926 /* treelife.png in Resources */ = {isa = PBXBuildFile; fileRef = 50A180B821A36359000F0926 /* treelife.png */; };
		50A180BB21A364FE000F0926 /* DailyTheoViewController.swift in Sources */ = {isa = PBXBuildFile; fileRef = 50A180BA21A364FE000F0926 /* DailyTheoViewController.swift */; };
		50A180BD21A9EB07000F0926 /* lionshort.JPG in Resources */ = {isa = PBXBuildFile; fileRef = 50A180BC21A9EB07000F0926 /* lionshort.JPG */; };
		50A180BF21A9EB11000F0926 /* lionlong.jpeg in Resources */ = {isa = PBXBuildFile; fileRef = 50A180BE21A9EB11000F0926 /* lionlong.jpeg */; };
/* End PBXBuildFile section */

/* Begin PBXContainerItemProxy section */
		502B3093213EFB11006592B2 /* PBXContainerItemProxy */ = {
			isa = PBXContainerItemProxy;
			containerPortal = 502B3076213EFB10006592B2 /* Project object */;
			proxyType = 1;
			remoteGlobalIDString = 502B307D213EFB10006592B2;
			remoteInfo = DTATest;
		};
		502B309E213EFB11006592B2 /* PBXContainerItemProxy */ = {
			isa = PBXContainerItemProxy;
			containerPortal = 502B3076213EFB10006592B2 /* Project object */;
			proxyType = 1;
			remoteGlobalIDString = 502B307D213EFB10006592B2;
			remoteInfo = DTATest;
		};
/* End PBXContainerItemProxy section */

/* Begin PBXCopyFilesBuildPhase section */
		50173D38216847B100760A41 /* Embed Frameworks */ = {
			isa = PBXCopyFilesBuildPhase;
			buildActionMask = 2147483647;
			dstPath = "";
			dstSubfolderSpec = 10;
			files = (
			);
			name = "Embed Frameworks";
			runOnlyForDeploymentPostprocessing = 0;
		};
/* End PBXCopyFilesBuildPhase section */

/* Begin PBXFileReference section */
		50173CBE2150842A00760A41 /* noelan script.otf */ = {isa = PBXFileReference; lastKnownFileType = file; path = "noelan script.otf"; sourceTree = "<group>"; };
		50173CC02155C0EC00760A41 /* ChooseViewController.swift */ = {isa = PBXFileReference; lastKnownFileType = sourcecode.swift; path = ChooseViewController.swift; sourceTree = "<group>"; };
		50173CC22155D60400760A41 /* topicViewController.swift */ = {isa = PBXFileReference; lastKnownFileType = sourcecode.swift; path = topicViewController.swift; sourceTree = "<group>"; };
		50173CCB215AA21100760A41 /* topicTableViewCell.swift */ = {isa = PBXFileReference; lastKnownFileType = sourcecode.swift; path = topicTableViewCell.swift; sourceTree = "<group>"; wrapsLines = 0; };
		50173CCD215AA77B00760A41 /* ManViewController.swift */ = {isa = PBXFileReference; lastKnownFileType = sourcecode.swift; path = ManViewController.swift; sourceTree = "<group>"; };
		50173D1321665E3B00760A41 /* AllQuotes.txt */ = {isa = PBXFileReference; fileEncoding = 4; lastKnownFileType = text; path = AllQuotes.txt; sourceTree = "<group>"; };
		50173D39216936EE00760A41 /* AboutViewController.swift */ = {isa = PBXFileReference; lastKnownFileType = sourcecode.swift; path = AboutViewController.swift; sourceTree = "<group>"; };
		50173D3B21693AFD00760A41 /* welcomeTableViewCell.swift */ = {isa = PBXFileReference; lastKnownFileType = sourcecode.swift; path = welcomeTableViewCell.swift; sourceTree = "<group>"; };
		50173D3F2171942400760A41 /* MellowLine-Regular.OTF */ = {isa = PBXFileReference; lastKnownFileType = file; name = "MellowLine-Regular.OTF"; path = "../../../../Downloads/FontBundles-Mellow-Line/MellowLine-Regular.OTF"; sourceTree = "<group>"; };
		50173D43217195F000760A41 /* Marhaban-Regular.otf */ = {isa = PBXFileReference; lastKnownFileType = file; path = "Marhaban-Regular.otf"; sourceTree = "<group>"; };
		50173D4A217572C900760A41 /* city.jpg */ = {isa = PBXFileReference; lastKnownFileType = image.jpeg; name = city.jpg; path = ../../../city.jpg; sourceTree = "<group>"; };
		50173D4C21757AB400760A41 /* fallforest.jpg */ = {isa = PBXFileReference; lastKnownFileType = image.jpeg; path = fallforest.jpg; sourceTree = "<group>"; };
		50173D4E2176A16500760A41 /* PickTopicTableViewCell.swift */ = {isa = PBXFileReference; lastKnownFileType = sourcecode.swift; path = PickTopicTableViewCell.swift; sourceTree = "<group>"; };
		50173D682176A3B100760A41 /* cityfull.jpg */ = {isa = PBXFileReference; lastKnownFileType = image.jpeg; path = cityfull.jpg; sourceTree = "<group>"; };
		50173D6A2176A93600760A41 /* coffeebible.JPG */ = {isa = PBXFileReference; lastKnownFileType = image.jpeg; path = coffeebible.JPG; sourceTree = "<group>"; };
		50173D6C2176A94800760A41 /* biblecoffeecut.jpeg */ = {isa = PBXFileReference; lastKnownFileType = image.jpeg; path = biblecoffeecut.jpeg; sourceTree = "<group>"; };
		50173D6E2176A95000760A41 /* pew.jpg */ = {isa = PBXFileReference; lastKnownFileType = image.jpeg; path = pew.jpg; sourceTree = "<group>"; };
		50173D702176A95700760A41 /* pewcut.jpeg */ = {isa = PBXFileReference; lastKnownFileType = image.jpeg; path = pewcut.jpeg; sourceTree = "<group>"; };
		50173D722176B21D00760A41 /* bibletopic.JPG */ = {isa = PBXFileReference; lastKnownFileType = image.jpeg; path = bibletopic.JPG; sourceTree = "<group>"; };
		50173D742176B22400760A41 /* calvinhead.jpg */ = {isa = PBXFileReference; lastKnownFileType = image.jpeg; path = calvinhead.jpg; sourceTree = "<group>"; };
		50173D762176B26F00760A41 /* bibletopiccut.jpeg */ = {isa = PBXFileReference; lastKnownFileType = image.jpeg; path = bibletopiccut.jpeg; sourceTree = "<group>"; };
		50173D782178DEA900760A41 /* GeneralTopicsTableViewCell.swift */ = {isa = PBXFileReference; lastKnownFileType = sourcecode.swift; path = GeneralTopicsTableViewCell.swift; sourceTree = "<group>"; };
		50173D7A2178DEF500760A41 /* GeneralTopicViewController.swift */ = {isa = PBXFileReference; lastKnownFileType = sourcecode.swift; path = GeneralTopicViewController.swift; sourceTree = "<group>"; };
		502B307E213EFB10006592B2 /* DTATest.app */ = {isa = PBXFileReference; explicitFileType = wrapper.application; includeInIndex = 0; path = DTATest.app; sourceTree = BUILT_PRODUCTS_DIR; };
		502B3081213EFB10006592B2 /* AppDelegate.swift */ = {isa = PBXFileReference; lastKnownFileType = sourcecode.swift; path = AppDelegate.swift; sourceTree = "<group>"; };
		502B3083213EFB10006592B2 /* welcomeViewController.swift */ = {isa = PBXFileReference; lastKnownFileType = sourcecode.swift; path = welcomeViewController.swift; sourceTree = "<group>"; };
		502B3088213EFB11006592B2 /* Assets.xcassets */ = {isa = PBXFileReference; lastKnownFileType = folder.assetcatalog; path = Assets.xcassets; sourceTree = "<group>"; };
		502B308B213EFB11006592B2 /* Base */ = {isa = PBXFileReference; lastKnownFileType = file.storyboard; name = Base; path = Base.lproj/LaunchScreen.storyboard; sourceTree = "<group>"; };
		502B308D213EFB11006592B2 /* Info.plist */ = {isa = PBXFileReference; lastKnownFileType = text.plist.xml; path = Info.plist; sourceTree = "<group>"; };
		502B3092213EFB11006592B2 /* DTATestTests.xctest */ = {isa = PBXFileReference; explicitFileType = wrapper.cfbundle; includeInIndex = 0; path = DTATestTests.xctest; sourceTree = BUILT_PRODUCTS_DIR; };
		502B3096213EFB11006592B2 /* DTATestTests.swift */ = {isa = PBXFileReference; lastKnownFileType = sourcecode.swift; path = DTATestTests.swift; sourceTree = "<group>"; };
		502B3098213EFB11006592B2 /* Info.plist */ = {isa = PBXFileReference; lastKnownFileType = text.plist.xml; path = Info.plist; sourceTree = "<group>"; };
		502B309D213EFB11006592B2 /* DTATestUITests.xctest */ = {isa = PBXFileReference; explicitFileType = wrapper.cfbundle; includeInIndex = 0; path = DTATestUITests.xctest; sourceTree = BUILT_PRODUCTS_DIR; };
		502B30A1213EFB11006592B2 /* DTATestUITests.swift */ = {isa = PBXFileReference; lastKnownFileType = sourcecode.swift; path = DTATestUITests.swift; sourceTree = "<group>"; };
		502B30A3213EFB11006592B2 /* Info.plist */ = {isa = PBXFileReference; lastKnownFileType = text.plist.xml; path = Info.plist; sourceTree = "<group>"; };
		502B30AF213EFB9F006592B2 /* backgroundLoad.swift */ = {isa = PBXFileReference; fileEncoding = 4; lastKnownFileType = sourcecode.swift; path = backgroundLoad.swift; sourceTree = "<group>"; };
		502B30B1213EFBE0006592B2 /* background.jpg */ = {isa = PBXFileReference; lastKnownFileType = image.jpeg; path = background.jpg; sourceTree = "<group>"; };
		502B30B3213EFC7C006592B2 /* nameViewController.swift */ = {isa = PBXFileReference; fileEncoding = 4; lastKnownFileType = sourcecode.swift; path = nameViewController.swift; sourceTree = "<group>"; };
		502B30B5213EFC85006592B2 /* quoteViewController.swift */ = {isa = PBXFileReference; fileEncoding = 4; lastKnownFileType = sourcecode.swift; path = quoteViewController.swift; sourceTree = "<group>"; };
		502B30B7213EFC8D006592B2 /* nameTableViewCell.swift */ = {isa = PBXFileReference; fileEncoding = 4; lastKnownFileType = sourcecode.swift; path = nameTableViewCell.swift; sourceTree = "<group>"; };
		502B30B9213EFCAE006592B2 /* dailyTheoObject.swift */ = {isa = PBXFileReference; fileEncoding = 4; lastKnownFileType = sourcecode.swift; path = dailyTheoObject.swift; sourceTree = "<group>"; };
		502B30BD213F0089006592B2 /* Main.storyboard */ = {isa = PBXFileReference; fileEncoding = 4; lastKnownFileType = file.storyboard; name = Main.storyboard; path = ../../../Prototype1/Main.storyboard; sourceTree = "<group>"; };
		502B30D3213F4FD2006592B2 /* libiconv.tbd */ = {isa = PBXFileReference; lastKnownFileType = "sourcecode.text-based-dylib-definition"; name = libiconv.tbd; path = usr/lib/libiconv.tbd; sourceTree = SDKROOT; };
		502B30DC2148985B006592B2 /* quoteTableViewCell.swift */ = {isa = PBXFileReference; lastKnownFileType = sourcecode.swift; path = quoteTableViewCell.swift; sourceTree = "<group>"; };
		502B30DE214AC138006592B2 /* starbackground.jpg */ = {isa = PBXFileReference; lastKnownFileType = image.jpeg; path = starbackground.jpg; sourceTree = "<group>"; };
		507BABF1217A00E60052415E /* cross.JPG */ = {isa = PBXFileReference; lastKnownFileType = image.jpeg; path = cross.JPG; sourceTree = "<group>"; };
		507BABF3217A00F10052415E /* worship.JPG */ = {isa = PBXFileReference; lastKnownFileType = image.jpeg; path = worship.JPG; sourceTree = "<group>"; };
		507BABF5217A00FC0052415E /* handsup.JPG */ = {isa = PBXFileReference; lastKnownFileType = image.jpeg; path = handsup.JPG; sourceTree = "<group>"; };
		507BABF7217A04ED0052415E /* GodViewController.swift */ = {isa = PBXFileReference; lastKnownFileType = sourcecode.swift; path = GodViewController.swift; sourceTree = "<group>"; };
		507BABF9217A050A0052415E /* CommunityViewController.swift */ = {isa = PBXFileReference; lastKnownFileType = sourcecode.swift; path = CommunityViewController.swift; sourceTree = "<group>"; };
		507BABFB217BF05E0052415E /* handsupcut.jpeg */ = {isa = PBXFileReference; lastKnownFileType = image.jpeg; path = handsupcut.jpeg; sourceTree = "<group>"; };
		507BABFD217BF8170052415E /* worshipcut.jpeg */ = {isa = PBXFileReference; lastKnownFileType = image.jpeg; path = worshipcut.jpeg; sourceTree = "<group>"; };
		507BABFF217C07A60052415E /* crosscut.jpeg */ = {isa = PBXFileReference; lastKnownFileType = image.jpeg; path = crosscut.jpeg; sourceTree = "<group>"; };
		50A180B621923247000F0926 /* calvinhead2.png */ = {isa = PBXFileReference; lastKnownFileType = image.png; path = calvinhead2.png; sourceTree = "<group>"; };
		50A180B821A36359000F0926 /* treelife.png */ = {isa = PBXFileReference; lastKnownFileType = image.png; path = treelife.png; sourceTree = "<group>"; };
		50A180BA21A364FE000F0926 /* DailyTheoViewController.swift */ = {isa = PBXFileReference; lastKnownFileType = sourcecode.swift; path = DailyTheoViewController.swift; sourceTree = "<group>"; };
		50A180BC21A9EB07000F0926 /* lionshort.JPG */ = {isa = PBXFileReference; lastKnownFileType = image.jpeg; path = lionshort.JPG; sourceTree = "<group>"; };
		50A180BE21A9EB11000F0926 /* lionlong.jpeg */ = {isa = PBXFileReference; lastKnownFileType = image.jpeg; path = lionlong.jpeg; sourceTree = "<group>"; };
/* End PBXFileReference section */

/* Begin PBXFrameworksBuildPhase section */
		502B307B213EFB10006592B2 /* Frameworks */ = {
			isa = PBXFrameworksBuildPhase;
			buildActionMask = 2147483647;
			files = (
			);
			runOnlyForDeploymentPostprocessing = 0;
		};
		502B308F213EFB11006592B2 /* Frameworks */ = {
			isa = PBXFrameworksBuildPhase;
			buildActionMask = 2147483647;
			files = (
			);
			runOnlyForDeploymentPostprocessing = 0;
		};
		502B309A213EFB11006592B2 /* Frameworks */ = {
			isa = PBXFrameworksBuildPhase;
			buildActionMask = 2147483647;
			files = (
			);
			runOnlyForDeploymentPostprocessing = 0;
		};
/* End PBXFrameworksBuildPhase section */

/* Begin PBXGroup section */
		502B3075213EFB10006592B2 = {
			isa = PBXGroup;
			children = (
				50173D1321665E3B00760A41 /* AllQuotes.txt */,
				502B3080213EFB10006592B2 /* DTATest */,
				502B3095213EFB11006592B2 /* DTATestTests */,
				502B30A0213EFB11006592B2 /* DTATestUITests */,
				502B307F213EFB10006592B2 /* Products */,
				502B30D2213F4FD1006592B2 /* Frameworks */,
			);
			sourceTree = "<group>";
			wrapsLines = 0;
		};
		502B307F213EFB10006592B2 /* Products */ = {
			isa = PBXGroup;
			children = (
				502B307E213EFB10006592B2 /* DTATest.app */,
				502B3092213EFB11006592B2 /* DTATestTests.xctest */,
				502B309D213EFB11006592B2 /* DTATestUITests.xctest */,
			);
			name = Products;
			sourceTree = "<group>";
		};
		502B3080213EFB10006592B2 /* DTATest */ = {
			isa = PBXGroup;
			children = (
				502B3081213EFB10006592B2 /* AppDelegate.swift */,
				502B30B7213EFC8D006592B2 /* nameTableViewCell.swift */,
				502B30DC2148985B006592B2 /* quoteTableViewCell.swift */,
				50173D4E2176A16500760A41 /* PickTopicTableViewCell.swift */,
				50173CCB215AA21100760A41 /* topicTableViewCell.swift */,
				50173D782178DEA900760A41 /* GeneralTopicsTableViewCell.swift */,
				50173D3B21693AFD00760A41 /* welcomeTableViewCell.swift */,
				502B3083213EFB10006592B2 /* welcomeViewController.swift */,
				50A180BA21A364FE000F0926 /* DailyTheoViewController.swift */,
				50173D39216936EE00760A41 /* AboutViewController.swift */,
				50173CC02155C0EC00760A41 /* ChooseViewController.swift */,
				502B30B3213EFC7C006592B2 /* nameViewController.swift */,
				502B30B5213EFC85006592B2 /* quoteViewController.swift */,
				50173D7A2178DEF500760A41 /* GeneralTopicViewController.swift */,
				50173CCD215AA77B00760A41 /* ManViewController.swift */,
				507BABF7217A04ED0052415E /* GodViewController.swift */,
				507BABF9217A050A0052415E /* CommunityViewController.swift */,
				50173CC22155D60400760A41 /* topicViewController.swift */,
				502B30BD213F0089006592B2 /* Main.storyboard */,
				502B30B9213EFCAE006592B2 /* dailyTheoObject.swift */,
				502B30AF213EFB9F006592B2 /* backgroundLoad.swift */,
				50A180BC21A9EB07000F0926 /* lionshort.JPG */,
				50A180BE21A9EB11000F0926 /* lionlong.jpeg */,
				50A180B821A36359000F0926 /* treelife.png */,
				507BABF5217A00FC0052415E /* handsup.JPG */,
				507BABFB217BF05E0052415E /* handsupcut.jpeg */,
				507BABFD217BF8170052415E /* worshipcut.jpeg */,
				507BABF3217A00F10052415E /* worship.JPG */,
				507BABFF217C07A60052415E /* crosscut.jpeg */,
				507BABF1217A00E60052415E /* cross.JPG */,
				50173D6A2176A93600760A41 /* coffeebible.JPG */,
				50173D742176B22400760A41 /* calvinhead.jpg */,
				50A180B621923247000F0926 /* calvinhead2.png */,
				50173D762176B26F00760A41 /* bibletopiccut.jpeg */,
				50173D722176B21D00760A41 /* bibletopic.JPG */,
				50173D6C2176A94800760A41 /* biblecoffeecut.jpeg */,
				50173D6E2176A95000760A41 /* pew.jpg */,
				50173D702176A95700760A41 /* pewcut.jpeg */,
				50173D682176A3B100760A41 /* cityfull.jpg */,
				50173D4A217572C900760A41 /* city.jpg */,
				50173D4C21757AB400760A41 /* fallforest.jpg */,
				502B30B1213EFBE0006592B2 /* background.jpg */,
				502B30DE214AC138006592B2 /* starbackground.jpg */,
				502B3088213EFB11006592B2 /* Assets.xcassets */,
				502B308A213EFB11006592B2 /* LaunchScreen.storyboard */,
				502B308D213EFB11006592B2 /* Info.plist */,
				50173CBE2150842A00760A41 /* noelan script.otf */,
				50173D3F2171942400760A41 /* MellowLine-Regular.OTF */,
				50173D43217195F000760A41 /* Marhaban-Regular.otf */,
			);
			path = DTATest;
			sourceTree = "<group>";
		};
		502B3095213EFB11006592B2 /* DTATestTests */ = {
			isa = PBXGroup;
			children = (
				502B3096213EFB11006592B2 /* DTATestTests.swift */,
				502B3098213EFB11006592B2 /* Info.plist */,
			);
			path = DTATestTests;
			sourceTree = "<group>";
		};
		502B30A0213EFB11006592B2 /* DTATestUITests */ = {
			isa = PBXGroup;
			children = (
				502B30A1213EFB11006592B2 /* DTATestUITests.swift */,
				502B30A3213EFB11006592B2 /* Info.plist */,
			);
			path = DTATestUITests;
			sourceTree = "<group>";
		};
		502B30D2213F4FD1006592B2 /* Frameworks */ = {
			isa = PBXGroup;
			children = (
				502B30D3213F4FD2006592B2 /* libiconv.tbd */,
			);
			name = Frameworks;
			sourceTree = "<group>";
		};
/* End PBXGroup section */

/* Begin PBXNativeTarget section */
		502B307D213EFB10006592B2 /* DTATest */ = {
			isa = PBXNativeTarget;
			buildConfigurationList = 502B30A6213EFB11006592B2 /* Build configuration list for PBXNativeTarget "DTATest" */;
			buildPhases = (
				502B307A213EFB10006592B2 /* Sources */,
				502B307B213EFB10006592B2 /* Frameworks */,
				502B307C213EFB10006592B2 /* Resources */,
				50173D38216847B100760A41 /* Embed Frameworks */,
			);
			buildRules = (
			);
			dependencies = (
			);
			name = DTATest;
			productName = DTATest;
			productReference = 502B307E213EFB10006592B2 /* DTATest.app */;
			productType = "com.apple.product-type.application";
		};
		502B3091213EFB11006592B2 /* DTATestTests */ = {
			isa = PBXNativeTarget;
			buildConfigurationList = 502B30A9213EFB11006592B2 /* Build configuration list for PBXNativeTarget "DTATestTests" */;
			buildPhases = (
				502B308E213EFB11006592B2 /* Sources */,
				502B308F213EFB11006592B2 /* Frameworks */,
				502B3090213EFB11006592B2 /* Resources */,
			);
			buildRules = (
			);
			dependencies = (
				502B3094213EFB11006592B2 /* PBXTargetDependency */,
			);
			name = DTATestTests;
			productName = DTATestTests;
			productReference = 502B3092213EFB11006592B2 /* DTATestTests.xctest */;
			productType = "com.apple.product-type.bundle.unit-test";
		};
		502B309C213EFB11006592B2 /* DTATestUITests */ = {
			isa = PBXNativeTarget;
			buildConfigurationList = 502B30AC213EFB11006592B2 /* Build configuration list for PBXNativeTarget "DTATestUITests" */;
			buildPhases = (
				502B3099213EFB11006592B2 /* Sources */,
				502B309A213EFB11006592B2 /* Frameworks */,
				502B309B213EFB11006592B2 /* Resources */,
			);
			buildRules = (
			);
			dependencies = (
				502B309F213EFB11006592B2 /* PBXTargetDependency */,
			);
			name = DTATestUITests;
			productName = DTATestUITests;
			productReference = 502B309D213EFB11006592B2 /* DTATestUITests.xctest */;
			productType = "com.apple.product-type.bundle.ui-testing";
		};
/* End PBXNativeTarget section */

/* Begin PBXProject section */
		502B3076213EFB10006592B2 /* Project object */ = {
			isa = PBXProject;
			attributes = {
				LastSwiftUpdateCheck = 0940;
				LastUpgradeCheck = 0940;
				ORGANIZATIONNAME = "Anna Machovec";
				TargetAttributes = {
					502B307D213EFB10006592B2 = {
						CreatedOnToolsVersion = 9.4.1;
						LastSwiftMigration = 0940;
					};
					502B3091213EFB11006592B2 = {
						CreatedOnToolsVersion = 9.4.1;
						TestTargetID = 502B307D213EFB10006592B2;
					};
					502B309C213EFB11006592B2 = {
						CreatedOnToolsVersion = 9.4.1;
						TestTargetID = 502B307D213EFB10006592B2;
					};
				};
			};
			buildConfigurationList = 502B3079213EFB10006592B2 /* Build configuration list for PBXProject "DTATest" */;
			compatibilityVersion = "Xcode 9.3";
			developmentRegion = en;
			hasScannedForEncodings = 0;
			knownRegions = (
				en,
				Base,
			);
			mainGroup = 502B3075213EFB10006592B2;
			productRefGroup = 502B307F213EFB10006592B2 /* Products */;
			projectDirPath = "";
			projectRoot = "";
			targets = (
				502B307D213EFB10006592B2 /* DTATest */,
				502B3091213EFB11006592B2 /* DTATestTests */,
				502B309C213EFB11006592B2 /* DTATestUITests */,
			);
		};
/* End PBXProject section */

/* Begin PBXResourcesBuildPhase section */
		502B307C213EFB10006592B2 /* Resources */ = {
			isa = PBXResourcesBuildPhase;
			buildActionMask = 2147483647;
			files = (
				50A180B921A36359000F0926 /* treelife.png in Resources */,
				50173D732176B21D00760A41 /* bibletopic.JPG in Resources */,
				50A180BD21A9EB07000F0926 /* lionshort.JPG in Resources */,
				502B30DF214AC138006592B2 /* starbackground.jpg in Resources */,
				507BABFC217BF05E0052415E /* handsupcut.jpeg in Resources */,
				507BABF6217A00FD0052415E /* handsup.JPG in Resources */,
				502B308C213EFB11006592B2 /* LaunchScreen.storyboard in Resources */,
				50173D6F2176A95000760A41 /* pew.jpg in Resources */,
				50173D692176A3B100760A41 /* cityfull.jpg in Resources */,
				50173CBF2150842A00760A41 /* noelan script.otf in Resources */,
				50173D4B217572C900760A41 /* city.jpg in Resources */,
				50A180B721923247000F0926 /* calvinhead2.png in Resources */,
				502B30BE213F0089006592B2 /* Main.storyboard in Resources */,
				50173D402171952100760A41 /* MellowLine-Regular.OTF in Resources */,
				50173D1421665E3B00760A41 /* AllQuotes.txt in Resources */,
				50173D4D21757AB400760A41 /* fallforest.jpg in Resources */,
				507BAC00217C07A60052415E /* crosscut.jpeg in Resources */,
				502B30B2213EFBE1006592B2 /* background.jpg in Resources */,
				502B3089213EFB11006592B2 /* Assets.xcassets in Resources */,
				507BABFE217BF8180052415E /* worshipcut.jpeg in Resources */,
				507BABF4217A00F20052415E /* worship.JPG in Resources */,
				50173D6D2176A94800760A41 /* biblecoffeecut.jpeg in Resources */,
				50A180BF21A9EB11000F0926 /* lionlong.jpeg in Resources */,
				50173D712176A95700760A41 /* pewcut.jpeg in Resources */,
				50173D6B2176A93600760A41 /* coffeebible.JPG in Resources */,
				50173D44217195F100760A41 /* Marhaban-Regular.otf in Resources */,
				507BABF2217A00E60052415E /* cross.JPG in Resources */,
				50173D752176B22400760A41 /* calvinhead.jpg in Resources */,
				50173D772176B26F00760A41 /* bibletopiccut.jpeg in Resources */,
			);
			runOnlyForDeploymentPostprocessing = 0;
		};
		502B3090213EFB11006592B2 /* Resources */ = {
			isa = PBXResourcesBuildPhase;
			buildActionMask = 2147483647;
			files = (
			);
			runOnlyForDeploymentPostprocessing = 0;
		};
		502B309B213EFB11006592B2 /* Resources */ = {
			isa = PBXResourcesBuildPhase;
			buildActionMask = 2147483647;
			files = (
			);
			runOnlyForDeploymentPostprocessing = 0;
		};
/* End PBXResourcesBuildPhase section */

/* Begin PBXSourcesBuildPhase section */
		502B307A213EFB10006592B2 /* Sources */ = {
			isa = PBXSourcesBuildPhase;
			buildActionMask = 2147483647;
			files = (
				502B30B6213EFC85006592B2 /* quoteViewController.swift in Sources */,
				50173CCE215AA77B00760A41 /* ManViewController.swift in Sources */,
				502B30BA213EFCAE006592B2 /* dailyTheoObject.swift in Sources */,
				50173CC12155C0EC00760A41 /* ChooseViewController.swift in Sources */,
				502B3084213EFB10006592B2 /* welcomeViewController.swift in Sources */,
				507BABFA217A050A0052415E /* CommunityViewController.swift in Sources */,
				507BABF8217A04ED0052415E /* GodViewController.swift in Sources */,
				50173D4F2176A16500760A41 /* PickTopicTableViewCell.swift in Sources */,
				50173D3C21693AFD00760A41 /* welcomeTableViewCell.swift in Sources */,
				50173CC32155D60400760A41 /* topicViewController.swift in Sources */,
				502B30B8213EFC8D006592B2 /* nameTableViewCell.swift in Sources */,
				502B30DD2148985B006592B2 /* quoteTableViewCell.swift in Sources */,
				50173D7B2178DEF500760A41 /* GeneralTopicViewController.swift in Sources */,
				502B30B0213EFBA0006592B2 /* backgroundLoad.swift in Sources */,
				50173D3A216936EE00760A41 /* AboutViewController.swift in Sources */,
				50173D792178DEA900760A41 /* GeneralTopicsTableViewCell.swift in Sources */,
				50173CCC215AA21100760A41 /* topicTableViewCell.swift in Sources */,
				502B3082213EFB10006592B2 /* AppDelegate.swift in Sources */,
				50A180BB21A364FE000F0926 /* DailyTheoViewController.swift in Sources */,
				502B30B4213EFC7C006592B2 /* nameViewController.swift in Sources */,
			);
			runOnlyForDeploymentPostprocessing = 0;
		};
		502B308E213EFB11006592B2 /* Sources */ = {
			isa = PBXSourcesBuildPhase;
			buildActionMask = 2147483647;
			files = (
				502B3097213EFB11006592B2 /* DTATestTests.swift in Sources */,
			);
			runOnlyForDeploymentPostprocessing = 0;
		};
		502B3099213EFB11006592B2 /* Sources */ = {
			isa = PBXSourcesBuildPhase;
			buildActionMask = 2147483647;
			files = (
				502B30A2213EFB11006592B2 /* DTATestUITests.swift in Sources */,
			);
			runOnlyForDeploymentPostprocessing = 0;
		};
/* End PBXSourcesBuildPhase section */

/* Begin PBXTargetDependency section */
		502B3094213EFB11006592B2 /* PBXTargetDependency */ = {
			isa = PBXTargetDependency;
			target = 502B307D213EFB10006592B2 /* DTATest */;
			targetProxy = 502B3093213EFB11006592B2 /* PBXContainerItemProxy */;
		};
		502B309F213EFB11006592B2 /* PBXTargetDependency */ = {
			isa = PBXTargetDependency;
			target = 502B307D213EFB10006592B2 /* DTATest */;
			targetProxy = 502B309E213EFB11006592B2 /* PBXContainerItemProxy */;
		};
/* End PBXTargetDependency section */

/* Begin PBXVariantGroup section */
		502B308A213EFB11006592B2 /* LaunchScreen.storyboard */ = {
			isa = PBXVariantGroup;
			children = (
				502B308B213EFB11006592B2 /* Base */,
			);
			name = LaunchScreen.storyboard;
			sourceTree = "<group>";
		};
/* End PBXVariantGroup section */

/* Begin XCBuildConfiguration section */
		502B30A4213EFB11006592B2 /* Debug */ = {
			isa = XCBuildConfiguration;
			buildSettings = {
				ALWAYS_SEARCH_USER_PATHS = NO;
				CLANG_ANALYZER_NONNULL = YES;
				CLANG_ANALYZER_NUMBER_OBJECT_CONVERSION = YES_AGGRESSIVE;
				CLANG_CXX_LANGUAGE_STANDARD = "gnu++14";
				CLANG_CXX_LIBRARY = "libc++";
				CLANG_ENABLE_MODULES = YES;
				CLANG_ENABLE_OBJC_ARC = YES;
				CLANG_ENABLE_OBJC_WEAK = YES;
				CLANG_WARN_BLOCK_CAPTURE_AUTORELEASING = YES;
				CLANG_WARN_BOOL_CONVERSION = YES;
				CLANG_WARN_COMMA = YES;
				CLANG_WARN_CONSTANT_CONVERSION = YES;
				CLANG_WARN_DEPRECATED_OBJC_IMPLEMENTATIONS = YES;
				CLANG_WARN_DIRECT_OBJC_ISA_USAGE = YES_ERROR;
				CLANG_WARN_DOCUMENTATION_COMMENTS = YES;
				CLANG_WARN_EMPTY_BODY = YES;
				CLANG_WARN_ENUM_CONVERSION = YES;
				CLANG_WARN_INFINITE_RECURSION = YES;
				CLANG_WARN_INT_CONVERSION = YES;
				CLANG_WARN_NON_LITERAL_NULL_CONVERSION = YES;
				CLANG_WARN_OBJC_IMPLICIT_RETAIN_SELF = YES;
				CLANG_WARN_OBJC_LITERAL_CONVERSION = YES;
				CLANG_WARN_OBJC_ROOT_CLASS = YES_ERROR;
				CLANG_WARN_RANGE_LOOP_ANALYSIS = YES;
				CLANG_WARN_STRICT_PROTOTYPES = YES;
				CLANG_WARN_SUSPICIOUS_MOVE = YES;
				CLANG_WARN_UNGUARDED_AVAILABILITY = YES_AGGRESSIVE;
				CLANG_WARN_UNREACHABLE_CODE = YES;
				CLANG_WARN__DUPLICATE_METHOD_MATCH = YES;
				CODE_SIGN_IDENTITY = "iPhone Developer";
				COPY_PHASE_STRIP = NO;
				DEBUG_INFORMATION_FORMAT = dwarf;
				ENABLE_STRICT_OBJC_MSGSEND = YES;
				ENABLE_TESTABILITY = YES;
				GCC_C_LANGUAGE_STANDARD = gnu11;
				GCC_DYNAMIC_NO_PIC = NO;
				GCC_NO_COMMON_BLOCKS = YES;
				GCC_OPTIMIZATION_LEVEL = 0;
				GCC_PREPROCESSOR_DEFINITIONS = (
					"DEBUG=1",
					"$(inherited)",
				);
				GCC_WARN_64_TO_32_BIT_CONVERSION = YES;
				GCC_WARN_ABOUT_RETURN_TYPE = YES_ERROR;
				GCC_WARN_UNDECLARED_SELECTOR = YES;
				GCC_WARN_UNINITIALIZED_AUTOS = YES_AGGRESSIVE;
				GCC_WARN_UNUSED_FUNCTION = YES;
				GCC_WARN_UNUSED_VARIABLE = YES;
				IPHONEOS_DEPLOYMENT_TARGET = 11.4;
				MTL_ENABLE_DEBUG_INFO = YES;
				ONLY_ACTIVE_ARCH = YES;
				SDKROOT = iphoneos;
				SWIFT_ACTIVE_COMPILATION_CONDITIONS = DEBUG;
				SWIFT_OPTIMIZATION_LEVEL = "-Onone";
			};
			name = Debug;
		};
		502B30A5213EFB11006592B2 /* Release */ = {
			isa = XCBuildConfiguration;
			buildSettings = {
				ALWAYS_SEARCH_USER_PATHS = NO;
				CLANG_ANALYZER_NONNULL = YES;
				CLANG_ANALYZER_NUMBER_OBJECT_CONVERSION = YES_AGGRESSIVE;
				CLANG_CXX_LANGUAGE_STANDARD = "gnu++14";
				CLANG_CXX_LIBRARY = "libc++";
				CLANG_ENABLE_MODULES = YES;
				CLANG_ENABLE_OBJC_ARC = YES;
				CLANG_ENABLE_OBJC_WEAK = YES;
				CLANG_WARN_BLOCK_CAPTURE_AUTORELEASING = YES;
				CLANG_WARN_BOOL_CONVERSION = YES;
				CLANG_WARN_COMMA = YES;
				CLANG_WARN_CONSTANT_CONVERSION = YES;
				CLANG_WARN_DEPRECATED_OBJC_IMPLEMENTATIONS = YES;
				CLANG_WARN_DIRECT_OBJC_ISA_USAGE = YES_ERROR;
				CLANG_WARN_DOCUMENTATION_COMMENTS = YES;
				CLANG_WARN_EMPTY_BODY = YES;
				CLANG_WARN_ENUM_CONVERSION = YES;
				CLANG_WARN_INFINITE_RECURSION = YES;
				CLANG_WARN_INT_CONVERSION = YES;
				CLANG_WARN_NON_LITERAL_NULL_CONVERSION = YES;
				CLANG_WARN_OBJC_IMPLICIT_RETAIN_SELF = YES;
				CLANG_WARN_OBJC_LITERAL_CONVERSION = YES;
				CLANG_WARN_OBJC_ROOT_CLASS = YES_ERROR;
				CLANG_WARN_RANGE_LOOP_ANALYSIS = YES;
				CLANG_WARN_STRICT_PROTOTYPES = YES;
				CLANG_WARN_SUSPICIOUS_MOVE = YES;
				CLANG_WARN_UNGUARDED_AVAILABILITY = YES_AGGRESSIVE;
				CLANG_WARN_UNREACHABLE_CODE = YES;
				CLANG_WARN__DUPLICATE_METHOD_MATCH = YES;
				CODE_SIGN_IDENTITY = "iPhone Developer";
				COPY_PHASE_STRIP = NO;
				DEBUG_INFORMATION_FORMAT = "dwarf-with-dsym";
				ENABLE_NS_ASSERTIONS = NO;
				ENABLE_STRICT_OBJC_MSGSEND = YES;
				GCC_C_LANGUAGE_STANDARD = gnu11;
				GCC_NO_COMMON_BLOCKS = YES;
				GCC_WARN_64_TO_32_BIT_CONVERSION = YES;
				GCC_WARN_ABOUT_RETURN_TYPE = YES_ERROR;
				GCC_WARN_UNDECLARED_SELECTOR = YES;
				GCC_WARN_UNINITIALIZED_AUTOS = YES_AGGRESSIVE;
				GCC_WARN_UNUSED_FUNCTION = YES;
				GCC_WARN_UNUSED_VARIABLE = YES;
				IPHONEOS_DEPLOYMENT_TARGET = 11.4;
				MTL_ENABLE_DEBUG_INFO = NO;
				SDKROOT = iphoneos;
				SWIFT_COMPILATION_MODE = wholemodule;
				SWIFT_OPTIMIZATION_LEVEL = "-O";
				VALIDATE_PRODUCT = YES;
			};
			name = Release;
		};
		502B30A7213EFB11006592B2 /* Debug */ = {
			isa = XCBuildConfiguration;
			buildSettings = {
				ALWAYS_EMBED_SWIFT_STANDARD_LIBRARIES = YES;
				ASSETCATALOG_COMPILER_APPICON_NAME = AppIcon;
				CLANG_ENABLE_MODULES = YES;
				CODE_SIGN_STYLE = Automatic;
				DEVELOPMENT_TEAM = 627UKHX8W5;
				INFOPLIST_FILE = DTATest/Info.plist;
				LD_RUNPATH_SEARCH_PATHS = (
					"$(inherited)",
					"@executable_path/Frameworks",
				);
				LIBRARY_SEARCH_PATHS = (
					"$(inherited)",
					"$(PROJECT_DIR)/DTATest",
				);
				PRODUCT_BUNDLE_IDENTIFIER = dta.DTATest;
				PRODUCT_NAME = "$(TARGET_NAME)";
				SWIFT_OPTIMIZATION_LEVEL = "-Onone";
				SWIFT_VERSION = 4.0;
				TARGETED_DEVICE_FAMILY = "1,2";
			};
			name = Debug;
		};
		502B30A8213EFB11006592B2 /* Release */ = {
			isa = XCBuildConfiguration;
			buildSettings = {
				ALWAYS_EMBED_SWIFT_STANDARD_LIBRARIES = YES;
				ASSETCATALOG_COMPILER_APPICON_NAME = AppIcon;
				CLANG_ENABLE_MODULES = YES;
				CODE_SIGN_STYLE = Automatic;
				DEVELOPMENT_TEAM = 627UKHX8W5;
				INFOPLIST_FILE = DTATest/Info.plist;
				LD_RUNPATH_SEARCH_PATHS = (
					"$(inherited)",
					"@executable_path/Frameworks",
				);
				LIBRARY_SEARCH_PATHS = (
					"$(inherited)",
					"$(PROJECT_DIR)/DTATest",
				);
				PRODUCT_BUNDLE_IDENTIFIER = dta.DTATest;
				PRODUCT_NAME = "$(TARGET_NAME)";
				SWIFT_VERSION = 4.0;
				TARGETED_DEVICE_FAMILY = "1,2";
			};
			name = Release;
		};
		502B30AA213EFB11006592B2 /* Debug */ = {
			isa = XCBuildConfiguration;
			buildSettings = {
				ALWAYS_EMBED_SWIFT_STANDARD_LIBRARIES = YES;
				BUNDLE_LOADER = "$(TEST_HOST)";
				CODE_SIGN_STYLE = Automatic;
				INFOPLIST_FILE = DTATestTests/Info.plist;
				LD_RUNPATH_SEARCH_PATHS = (
					"$(inherited)",
					"@executable_path/Frameworks",
					"@loader_path/Frameworks",
				);
				PRODUCT_BUNDLE_IDENTIFIER = dta.DTATestTests;
				PRODUCT_NAME = "$(TARGET_NAME)";
				SWIFT_VERSION = 4.0;
				TARGETED_DEVICE_FAMILY = "1,2";
				TEST_HOST = "$(BUILT_PRODUCTS_DIR)/DTATest.app/DTATest";
			};
			name = Debug;
		};
		502B30AB213EFB11006592B2 /* Release */ = {
			isa = XCBuildConfiguration;
			buildSettings = {
				ALWAYS_EMBED_SWIFT_STANDARD_LIBRARIES = YES;
				BUNDLE_LOADER = "$(TEST_HOST)";
				CODE_SIGN_STYLE = Automatic;
				INFOPLIST_FILE = DTATestTests/Info.plist;
				LD_RUNPATH_SEARCH_PATHS = (
					"$(inherited)",
					"@executable_path/Frameworks",
					"@loader_path/Frameworks",
				);
				PRODUCT_BUNDLE_IDENTIFIER = dta.DTATestTests;
				PRODUCT_NAME = "$(TARGET_NAME)";
				SWIFT_VERSION = 4.0;
				TARGETED_DEVICE_FAMILY = "1,2";
				TEST_HOST = "$(BUILT_PRODUCTS_DIR)/DTATest.app/DTATest";
			};
			name = Release;
		};
		502B30AD213EFB11006592B2 /* Debug */ = {
			isa = XCBuildConfiguration;
			buildSettings = {
				ALWAYS_EMBED_SWIFT_STANDARD_LIBRARIES = YES;
				CODE_SIGN_STYLE = Automatic;
				INFOPLIST_FILE = DTATestUITests/Info.plist;
				LD_RUNPATH_SEARCH_PATHS = (
					"$(inherited)",
					"@executable_path/Frameworks",
					"@loader_path/Frameworks",
				);
				PRODUCT_BUNDLE_IDENTIFIER = dta.DTATestUITests;
				PRODUCT_NAME = "$(TARGET_NAME)";
				SWIFT_VERSION = 4.0;
				TARGETED_DEVICE_FAMILY = "1,2";
				TEST_TARGET_NAME = DTATest;
			};
			name = Debug;
		};
		502B30AE213EFB11006592B2 /* Release */ = {
			isa = XCBuildConfiguration;
			buildSettings = {
				ALWAYS_EMBED_SWIFT_STANDARD_LIBRARIES = YES;
				CODE_SIGN_STYLE = Automatic;
				INFOPLIST_FILE = DTATestUITests/Info.plist;
				LD_RUNPATH_SEARCH_PATHS = (
					"$(inherited)",
					"@executable_path/Frameworks",
					"@loader_path/Frameworks",
				);
				PRODUCT_BUNDLE_IDENTIFIER = dta.DTATestUITests;
				PRODUCT_NAME = "$(TARGET_NAME)";
				SWIFT_VERSION = 4.0;
				TARGETED_DEVICE_FAMILY = "1,2";
				TEST_TARGET_NAME = DTATest;
			};
			name = Release;
		};
/* End XCBuildConfiguration section */

/* Begin XCConfigurationList section */
		502B3079213EFB10006592B2 /* Build configuration list for PBXProject "DTATest" */ = {
			isa = XCConfigurationList;
			buildConfigurations = (
				502B30A4213EFB11006592B2 /* Debug */,
				502B30A5213EFB11006592B2 /* Release */,
			);
			defaultConfigurationIsVisible = 0;
			defaultConfigurationName = Release;
		};
		502B30A6213EFB11006592B2 /* Build configuration list for PBXNativeTarget "DTATest" */ = {
			isa = XCConfigurationList;
			buildConfigurations = (
				502B30A7213EFB11006592B2 /* Debug */,
				502B30A8213EFB11006592B2 /* Release */,
			);
			defaultConfigurationIsVisible = 0;
			defaultConfigurationName = Release;
		};
		502B30A9213EFB11006592B2 /* Build configuration list for PBXNativeTarget "DTATestTests" */ = {
			isa = XCConfigurationList;
			buildConfigurations = (
				502B30AA213EFB11006592B2 /* Debug */,
				502B30AB213EFB11006592B2 /* Release */,
			);
			defaultConfigurationIsVisible = 0;
			defaultConfigurationName = Release;
		};
		502B30AC213EFB11006592B2 /* Build configuration list for PBXNativeTarget "DTATestUITests" */ = {
			isa = XCConfigurationList;
			buildConfigurations = (
				502B30AD213EFB11006592B2 /* Debug */,
				502B30AE213EFB11006592B2 /* Release */,
			);
			defaultConfigurationIsVisible = 0;
			defaultConfigurationName = Release;
		};
/* End XCConfigurationList section */
	};
	rootObject = 502B3076213EFB10006592B2 /* Project object */;
}
